{
  "nodes": {
    "flake-utils": {
      "locked": {
        "lastModified": 1601282935,
        "narHash": "sha256-WQAFV6sGGQxrRs3a+/Yj9xUYvhTpukQJIcMbIi7LCJ4=",
        "owner": "numtide",
        "repo": "flake-utils",
        "rev": "588973065fce51f4763287f0fda87a174d78bf48",
        "type": "github"
      },
      "original": {
        "owner": "numtide",
        "repo": "flake-utils",
        "type": "github"
      }
    },
    "mach-nix": {
      "inputs": {
        "flake-utils": "flake-utils",
        "nixpkgs": [
          "nixpkgs"
        ],
        "pypi-deps-db": []
      },
      "locked": {
        "lastModified": 1643673057,
        "narHash": "sha256-rvUU61kSj+IDDQ02+KQixsUtwmKH2UYDFskWqGU/NbQ=",
        "owner": "tp-la",
        "repo": "mach-nix",
        "rev": "b37fe64353290b242629d929579e0c3c3d420cf8",
        "type": "github"
      },
      "original": {
        "owner": "tp-la",
        "ref": "pep517-metadata-for-db",
        "repo": "mach-nix",
        "type": "github"
      }
    },
    "nixpkgs": {
      "locked": {
        "lastModified": 1643503720,
        "narHash": "sha256-tJic20ufuRnG8V+fTCd3YU6xl1ImxNspoEkXHct0AG4=",
        "owner": "nixos",
        "repo": "nixpkgs",
        "rev": "0f316e4d72daed659233817ffe52bf08e081b5de",
        "type": "github"
      },
      "original": {
        "id": "nixpkgs",
        "ref": "nixos-21.11",
        "type": "indirect"
      }
    },
    "pypiIndex": {
      "flake": false,
      "locked": {
        "lastModified": 1643648970,
        "narHash": "sha256-E4qAQOn7fhtxP8LiN//UBZz5G3b6tU1hyPf/eXHE04w=",
        "owner": "davhau",
        "repo": "nix-pypi-fetcher",
        "rev": "8197bb448050deb6d6e1b7d6d9ee623f075f240c",
        "type": "github"
      },
      "original": {
        "owner": "davhau",
        "repo": "nix-pypi-fetcher",
        "type": "github"
      }
    },
    "root": {
      "inputs": {
        "mach-nix": "mach-nix",
        "nixpkgs": "nixpkgs",
        "pypiIndex": "pypiIndex"
      }
    }
  },
  "root": "root",
  "version": 7
}
