{
  "nodes": {
    "flake-utils": {
      "locked": {
        "lastModified": 1601282935,
        "narHash": "sha256-WQAFV6sGGQxrRs3a+/Yj9xUYvhTpukQJIcMbIi7LCJ4=",
        "owner": "numtide",
        "repo": "flake-utils",
        "rev": "588973065fce51f4763287f0fda87a174d78bf48",
        "type": "github"
      },
      "original": {
        "owner": "numtide",
        "repo": "flake-utils",
        "type": "github"
      }
    },
    "mach-nix": {
      "inputs": {
        "flake-utils": "flake-utils",
        "nixpkgs": [
          "nixpkgs"
        ],
        "pypi-deps-db": []
      },
      "locked": {
        "lastModified": 1644005294,
        "narHash": "sha256-y1Ifu7I3s7CKNGlg6fTJogj87ZKdhMlLpjzdlOYwonc=",
        "owner": "PrivateStorageio",
        "repo": "mach-nix",
        "rev": "cdda6ae52cb8f32c13ef993f8ab6de1c888f9ff3",
        "type": "github"
      },
      "original": {
        "owner": "PrivateStorageio",
        "ref": "pep517-metadata",
        "repo": "mach-nix",
        "type": "github"
      }
    },
    "nixpkgs": {
      "locked": {
        "lastModified": 1618619705,
        "narHash": "sha256-+yBGazqJxjT+BR00oCNamOgiEFPHBOPkqak7MUYcpBA=",
        "owner": "NixOS",
        "repo": "nixpkgs",
        "rev": "e5cc06a1e806070693add4f231060a62b962fc44",
        "type": "github"
      },
      "original": {
        "id": "nixpkgs",
        "ref": "nixos-unstable",
        "type": "indirect"
      }
    },
    "pypiIndex": {
      "flake": false,
      "locked": {
        "lastModified": 1668707221,
        "narHash": "sha256-y3nePYhq1pyUGlC0VX2C/e8MOmSj4pBDZmJbyjQotqo=",
        "owner": "davhau",
        "repo": "nix-pypi-fetcher",
        "rev": "109b697e8a4ab311fc628395a65397ad5c5597d2",
        "type": "github"
      },
      "original": {
        "owner": "davhau",
        "repo": "nix-pypi-fetcher",
        "type": "github"
      }
    },
    "root": {
      "inputs": {
        "mach-nix": "mach-nix",
        "nixpkgs": "nixpkgs",
        "pypiIndex": "pypiIndex"
      }
    }
  },
  "root": "root",
  "version": 7
}
